
Microsoft Visual Studio Solution File, Format Version 12.00
# Visual Studio Version 16
VisualStudioVersion = 16.0.30320.27
MinimumVisualStudioVersion = 10.0.40219.1
Project("{9A19103F-16F7-4668-BE54-9A1E7A4F7556}") = "CK.DeviceModel", "CK.DeviceModel\CK.DeviceModel.csproj", "{8F530D25-198F-4645-A0BF-4CA9B3CF0F6B}"
EndProject
Project("{2150E333-8FDC-42A3-9474-1A3956D46DE8}") = "Tests", "Tests", "{72DA97E4-D00C-4960-8D63-A41CFBF5835B}"
EndProject
Project("{9A19103F-16F7-4668-BE54-9A1E7A4F7556}") = "CodeCakeBuilder", "CodeCakeBuilder\CodeCakeBuilder.csproj", "{D17E97BF-A62C-481D-B622-6D6EC2F7F0A8}"
EndProject
Project("{9A19103F-16F7-4668-BE54-9A1E7A4F7556}") = "CK.DeviceModel.Tests", "Tests\CK.DeviceModel.Tests\CK.DeviceModel.Tests.csproj", "{722D5670-E000-4C3D-AED9-113028524CD3}"
EndProject
Global
	GlobalSection(SolutionConfigurationPlatforms) = preSolution
		Debug|Any CPU = Debug|Any CPU
		Release|Any CPU = Release|Any CPU
	EndGlobalSection
	GlobalSection(ProjectConfigurationPlatforms) = postSolution
		{8F530D25-198F-4645-A0BF-4CA9B3CF0F6B}.Debug|Any CPU.ActiveCfg = Debug|Any CPU
		{8F530D25-198F-4645-A0BF-4CA9B3CF0F6B}.Debug|Any CPU.Build.0 = Debug|Any CPU
		{8F530D25-198F-4645-A0BF-4CA9B3CF0F6B}.Release|Any CPU.ActiveCfg = Release|Any CPU
		{8F530D25-198F-4645-A0BF-4CA9B3CF0F6B}.Release|Any CPU.Build.0 = Release|Any CPU
		{D17E97BF-A62C-481D-B622-6D6EC2F7F0A8}.Debug|Any CPU.ActiveCfg = Debug|Any CPU
		{D17E97BF-A62C-481D-B622-6D6EC2F7F0A8}.Debug|Any CPU.Build.0 = Debug|Any CPU
		{D17E97BF-A62C-481D-B622-6D6EC2F7F0A8}.Release|Any CPU.ActiveCfg = Release|Any CPU
		{D17E97BF-A62C-481D-B622-6D6EC2F7F0A8}.Release|Any CPU.Build.0 = Release|Any CPU
		{722D5670-E000-4C3D-AED9-113028524CD3}.Debug|Any CPU.ActiveCfg = Debug|Any CPU
		{722D5670-E000-4C3D-AED9-113028524CD3}.Debug|Any CPU.Build.0 = Debug|Any CPU
		{722D5670-E000-4C3D-AED9-113028524CD3}.Release|Any CPU.ActiveCfg = Release|Any CPU
		{722D5670-E000-4C3D-AED9-113028524CD3}.Release|Any CPU.Build.0 = Release|Any CPU
	EndGlobalSection
	GlobalSection(SolutionProperties) = preSolution
		HideSolutionNode = FALSE
	EndGlobalSection
	GlobalSection(NestedProjects) = preSolution
		{722D5670-E000-4C3D-AED9-113028524CD3} = {72DA97E4-D00C-4960-8D63-A41CFBF5835B}
	EndGlobalSection
	GlobalSection(ExtensibilityGlobals) = postSolution
		SolutionGuid = {FDD08DC2-8897-4301-8172-ACC41D1FF754}
	EndGlobalSection
EndGlobal
